
Microsoft Visual Studio Solution File, Format Version 12.00
# Visual Studio Version 17
VisualStudioVersion = 17.1.32210.238
MinimumVisualStudioVersion = 10.0.40219.1
Project("{FAE04EC0-301F-11D3-BF4B-00C04F79EFBC}") = "tp2", "tp2\tp2.csproj", "{A364A3DC-1FF5-4AAF-8D7A-300EECA015AA}"
EndProject
Global
	GlobalSection(SolutionConfigurationPlatforms) = preSolution
		Debug|Any CPU = Debug|Any CPU
		Release|Any CPU = Release|Any CPU
	EndGlobalSection
	GlobalSection(ProjectConfigurationPlatforms) = postSolution
		{A364A3DC-1FF5-4AAF-8D7A-300EECA015AA}.Debug|Any CPU.ActiveCfg = Debug|Any CPU
		{A364A3DC-1FF5-4AAF-8D7A-300EECA015AA}.Debug|Any CPU.Build.0 = Debug|Any CPU
		{A364A3DC-1FF5-4AAF-8D7A-300EECA015AA}.Release|Any CPU.ActiveCfg = Release|Any CPU
		{A364A3DC-1FF5-4AAF-8D7A-300EECA015AA}.Release|Any CPU.Build.0 = Release|Any CPU
	EndGlobalSection
	GlobalSection(SolutionProperties) = preSolution
		HideSolutionNode = FALSE
	EndGlobalSection
	GlobalSection(ExtensibilityGlobals) = postSolution
		SolutionGuid = {04510A03-D5C7-4C8E-A907-A8EA620DFAB2}
	EndGlobalSection
EndGlobal
